
Microsoft Visual Studio Solution File, Format Version 12.00
# Visual Studio 15
VisualStudioVersion = 15.0.26730.15
MinimumVisualStudioVersion = 10.0.40219.1
Project("{FAE04EC0-301F-11D3-BF4B-00C04F79EFBC}") = "Assignment4Part1", "Assignment4Part1\Assignment4Part1.csproj", "{0086825B-C85E-4861-ADF9-327ABDDE8C95}"
EndProject
Global
	GlobalSection(SolutionConfigurationPlatforms) = preSolution
		Debug|Any CPU = Debug|Any CPU
		Release|Any CPU = Release|Any CPU
	EndGlobalSection
	GlobalSection(ProjectConfigurationPlatforms) = postSolution
		{0086825B-C85E-4861-ADF9-327ABDDE8C95}.Debug|Any CPU.ActiveCfg = Debug|Any CPU
		{0086825B-C85E-4861-ADF9-327ABDDE8C95}.Debug|Any CPU.Build.0 = Debug|Any CPU
		{0086825B-C85E-4861-ADF9-327ABDDE8C95}.Release|Any CPU.ActiveCfg = Release|Any CPU
		{0086825B-C85E-4861-ADF9-327ABDDE8C95}.Release|Any CPU.Build.0 = Release|Any CPU
	EndGlobalSection
	GlobalSection(SolutionProperties) = preSolution
		HideSolutionNode = FALSE
	EndGlobalSection
	GlobalSection(ExtensibilityGlobals) = postSolution
		SolutionGuid = {FFEF72C7-3552-482B-AE7E-19CD608265F7}
	EndGlobalSection
EndGlobal
